
Microsoft Visual Studio Solution File, Format Version 12.00
# Visual Studio 15
VisualStudioVersion = 15.0.28307.902
MinimumVisualStudioVersion = 10.0.40219.1
Project("{FAE04EC0-301F-11D3-BF4B-00C04F79EFBC}") = "safnet.Common", "src\safnet.Common.csproj", "{05902C28-0900-4902-9300-0540EEDAC9C1}"
EndProject
Project("{FAE04EC0-301F-11D3-BF4B-00C04F79EFBC}") = "safnet.Common.UnitTests", "test\safnet.Common.UnitTests.csproj", "{986E3868-2878-4CF8-AFA1-1CED803EA044}"
EndProject
Global
	GlobalSection(SolutionConfigurationPlatforms) = preSolution
		Debug|Any CPU = Debug|Any CPU
		Release|Any CPU = Release|Any CPU
		TernProd|Any CPU = TernProd|Any CPU
	EndGlobalSection
	GlobalSection(ProjectConfigurationPlatforms) = postSolution
		{05902C28-0900-4902-9300-0540EEDAC9C1}.Debug|Any CPU.ActiveCfg = Debug|Any CPU
		{05902C28-0900-4902-9300-0540EEDAC9C1}.Debug|Any CPU.Build.0 = Debug|Any CPU
		{05902C28-0900-4902-9300-0540EEDAC9C1}.Release|Any CPU.ActiveCfg = Release|Any CPU
		{05902C28-0900-4902-9300-0540EEDAC9C1}.Release|Any CPU.Build.0 = Release|Any CPU
		{05902C28-0900-4902-9300-0540EEDAC9C1}.TernProd|Any CPU.ActiveCfg = TernProd|Any CPU
		{05902C28-0900-4902-9300-0540EEDAC9C1}.TernProd|Any CPU.Build.0 = TernProd|Any CPU
		{986E3868-2878-4CF8-AFA1-1CED803EA044}.Debug|Any CPU.ActiveCfg = Debug|Any CPU
		{986E3868-2878-4CF8-AFA1-1CED803EA044}.Debug|Any CPU.Build.0 = Debug|Any CPU
		{986E3868-2878-4CF8-AFA1-1CED803EA044}.Release|Any CPU.ActiveCfg = Release|Any CPU
		{986E3868-2878-4CF8-AFA1-1CED803EA044}.Release|Any CPU.Build.0 = Release|Any CPU
		{986E3868-2878-4CF8-AFA1-1CED803EA044}.TernProd|Any CPU.ActiveCfg = TernProd|Any CPU
		{986E3868-2878-4CF8-AFA1-1CED803EA044}.TernProd|Any CPU.Build.0 = TernProd|Any CPU
	EndGlobalSection
	GlobalSection(SolutionProperties) = preSolution
		HideSolutionNode = FALSE
	EndGlobalSection
	GlobalSection(ExtensibilityGlobals) = postSolution
		SolutionGuid = {47374405-CF02-4CAA-A48E-C766C0D237C6}
	EndGlobalSection
EndGlobal
